# THIS IS AN AUTOGENERATED FILE. DO NOT EDIT THIS FILE DIRECTLY.
# yarn lockfile v1


"@types/boom@*":
  version "4.3.5"
  resolved "https://registry.yarnpkg.com/@types/boom/-/boom-4.3.5.tgz#9ccca31e08c989bce483bd76b2de798526c608f5"

"@types/catbox@*":
  version "7.1.1"
  resolved "https://registry.yarnpkg.com/@types/catbox/-/catbox-7.1.1.tgz#170e50c35f047163e709c43e8bab551548a7d429"
  dependencies:
    "@types/boom" "*"

"@types/graphql@^0.9.0", "@types/graphql@^0.9.1":
  version "0.9.4"
  resolved "https://registry.yarnpkg.com/@types/graphql/-/graphql-0.9.4.tgz#cdeb6bcbef9b6c584374b81aa7f48ecf3da404fa"

"@types/hapi@^16.1.2":
  version "16.1.6"
  resolved "https://registry.yarnpkg.com/@types/hapi/-/hapi-16.1.6.tgz#a55e0b201e69ca74a147776b3e1a464aa7b14c76"
  dependencies:
    "@types/boom" "*"
    "@types/catbox" "*"
    "@types/joi" "*"
    "@types/mimos" "*"
    "@types/node" "*"
    "@types/podium" "*"
    "@types/shot" "*"

"@types/joi@*":
  version "10.4.0"
  resolved "https://registry.yarnpkg.com/@types/joi/-/joi-10.4.0.tgz#a4de40cdf2462c7e1c83eb47ca3e19177bcc2ae8"

"@types/mime-db@*":
  version "1.27.0"
  resolved "https://registry.yarnpkg.com/@types/mime-db/-/mime-db-1.27.0.tgz#9bc014a1fd1fdf47649c1a54c6dd7966b8284792"

"@types/mimos@*":
  version "3.0.0"
  resolved "https://registry.yarnpkg.com/@types/mimos/-/mimos-3.0.0.tgz#20356e7381e9529c2a7e764c798be5a48cdeff96"
  dependencies:
    "@types/mime-db" "*"

"@types/node@*":
  version "8.0.13"
  resolved "https://registry.yarnpkg.com/@types/node/-/node-8.0.13.tgz#530f0f9254209b0335bf5cc6387822594ef47093"

"@types/podium@*":
  version "1.0.0"
  resolved "https://registry.yarnpkg.com/@types/podium/-/podium-1.0.0.tgz#bfaa2151be2b1d6109cc69f7faa9dac2cba3bb20"

"@types/shot@*":
  version "3.4.0"
  resolved "https://registry.yarnpkg.com/@types/shot/-/shot-3.4.0.tgz#459477c5187d3ebd303660ab099e7e9e0f3b656f"
  dependencies:
    "@types/node" "*"

accept@2.x.x:
  version "2.1.4"
  resolved "https://registry.yarnpkg.com/accept/-/accept-2.1.4.tgz#887af54ceee5c7f4430461971ec400c61d09acbb"
  dependencies:
    boom "5.x.x"
    hoek "4.x.x"

ammo@2.x.x:
  version "2.0.4"
  resolved "https://registry.yarnpkg.com/ammo/-/ammo-2.0.4.tgz#bf80aab211698ea78f63ef5e7f113dd5d9e8917f"
  dependencies:
    boom "5.x.x"
    hoek "4.x.x"

b64@3.x.x:
  version "3.0.2"
  resolved "https://registry.yarnpkg.com/b64/-/b64-3.0.2.tgz#7a9d60466adf7b8de114cbdf651a5fdfcc90894d"

boom@5.x.x, boom@^5.1.0:
  version "5.1.0"
  resolved "https://registry.yarnpkg.com/boom/-/boom-5.1.0.tgz#0308fa8e924cd6d42d9c3bf4883bdc98f0e71df8"
  dependencies:
    hoek "4.x.x"

call@4.x.x:
  version "4.0.2"
  resolved "https://registry.yarnpkg.com/call/-/call-4.0.2.tgz#df76f5f51ee8dd48b856ac8400f7e69e6d7399c4"
  dependencies:
    boom "5.x.x"
    hoek "4.x.x"

catbox-memory@2.x.x:
  version "2.0.4"
  resolved "https://registry.yarnpkg.com/catbox-memory/-/catbox-memory-2.0.4.tgz#433e255902caf54233d1286429c8f4df14e822d5"
  dependencies:
    hoek "4.x.x"

catbox@7.x.x:
  version "7.1.4"
  resolved "https://registry.yarnpkg.com/catbox/-/catbox-7.1.4.tgz#8a950ed18b64ba8088c1ae132e85c58479d2b6cc"
  dependencies:
    boom "5.x.x"
    hoek "4.x.x"
    joi "10.x.x"

content@3.x.x:
  version "3.0.4"
  resolved "https://registry.yarnpkg.com/content/-/content-3.0.4.tgz#ca3dde04480f12519b71526ec44bd488ddfb3fef"
  dependencies:
    boom "5.x.x"

cryptiles@3.x.x:
  version "3.1.2"
  resolved "https://registry.yarnpkg.com/cryptiles/-/cryptiles-3.1.2.tgz#a89fbb220f5ce25ec56e8c4aa8a4fd7b5b0d29fe"
  dependencies:
    boom "5.x.x"

graphql-server-core@^1.0.0:
  version "1.0.0"
  resolved "https://registry.yarnpkg.com/graphql-server-core/-/graphql-server-core-1.0.0.tgz#25d92b6279a81263f0714136636a54910c1fafe0"
  optionalDependencies:
    "@types/graphql" "^0.9.0"

graphql-server-hapi@1.0.0:
  version "1.0.0"
  resolved "https://registry.yarnpkg.com/graphql-server-hapi/-/graphql-server-hapi-1.0.0.tgz#a894b7b9e9cf4d32bd427c9cde47e40a5accd366"
  dependencies:
    boom "^5.1.0"
    graphql-server-core "^1.0.0"
    graphql-server-module-graphiql "^1.0.0"
  optionalDependencies:
    "@types/graphql" "^0.9.1"
    "@types/hapi" "^16.1.2"

graphql-server-module-graphiql@^1.0.0:
  version "1.0.0"
  resolved "https://registry.yarnpkg.com/graphql-server-module-graphiql/-/graphql-server-module-graphiql-1.0.0.tgz#1b302481423f83b3c0f43cb30bfdc30bfe3d0a82"

graphql@0.10.1:
  version "0.10.1"
  resolved "https://registry.yarnpkg.com/graphql/-/graphql-0.10.1.tgz#75c93c2ce73aeb5bae2eefb555a8e9e39c36027d"
  dependencies:
    iterall "^1.1.0"

hapi@16.4.3:
  version "16.4.3"
  resolved "https://registry.yarnpkg.com/hapi/-/hapi-16.4.3.tgz#be4daaf2dcdbee97957ce503061b09765078aa05"
  dependencies:
    accept "2.x.x"
    ammo "2.x.x"
    boom "5.x.x"
    call "4.x.x"
    catbox "7.x.x"
    catbox-memory "2.x.x"
    cryptiles "3.x.x"
    heavy "4.x.x"
    hoek "4.x.x"
    iron "4.x.x"
    items "2.x.x"
    joi "10.x.x"
    mimos "3.x.x"
    podium "1.x.x"
    shot "3.x.x"
    statehood "5.x.x"
    subtext "4.x.x"
    topo "2.x.x"

heavy@4.x.x:
  version "4.0.4"
  resolved "https://registry.yarnpkg.com/heavy/-/heavy-4.0.4.tgz#36c91336c00ccfe852caa4d153086335cd2f00e9"
  dependencies:
    boom "5.x.x"
    hoek "4.x.x"
    joi "10.x.x"

hoek@4.x.x:
  version "4.1.1"
  resolved "https://registry.yarnpkg.com/hoek/-/hoek-4.1.1.tgz#9cc573ffba2b7b408fb5e9c2a13796be94cddce9"

iron@4.x.x:
  version "4.0.5"
  resolved "https://registry.yarnpkg.com/iron/-/iron-4.0.5.tgz#4f042cceb8b9738f346b59aa734c83a89bc31428"
  dependencies:
    boom "5.x.x"
    cryptiles "3.x.x"
    hoek "4.x.x"

isemail@2.x.x:
  version "2.2.1"
  resolved "https://registry.yarnpkg.com/isemail/-/isemail-2.2.1.tgz#0353d3d9a62951080c262c2aa0a42b8ea8e9e2a6"

items@2.x.x:
  version "2.1.1"
  resolved "https://registry.yarnpkg.com/items/-/items-2.1.1.tgz#8bd16d9c83b19529de5aea321acaada78364a198"

iterall@^1.1.0:
  version "1.1.1"
  resolved "https://registry.yarnpkg.com/iterall/-/iterall-1.1.1.tgz#f7f0af11e9a04ec6426260f5019d9fcca4d50214"

joi@10.x.x:
  version "10.6.0"
  resolved "https://registry.yarnpkg.com/joi/-/joi-10.6.0.tgz#52587f02d52b8b75cdb0c74f0b164a191a0e1fc2"
  dependencies:
    hoek "4.x.x"
    isemail "2.x.x"
    items "2.x.x"
    topo "2.x.x"

mime-db@1.x.x:
  version "1.29.0"
  resolved "https://registry.yarnpkg.com/mime-db/-/mime-db-1.29.0.tgz#48d26d235589651704ac5916ca06001914266878"

mimos@3.x.x:
  version "3.0.3"
  resolved "https://registry.yarnpkg.com/mimos/-/mimos-3.0.3.tgz#b9109072ad378c2b72f6a0101c43ddfb2b36641f"
  dependencies:
    hoek "4.x.x"
    mime-db "1.x.x"

nigel@2.x.x:
  version "2.0.2"
  resolved "https://registry.yarnpkg.com/nigel/-/nigel-2.0.2.tgz#93a1866fb0c52d87390aa75e2b161f4b5c75e5b1"
  dependencies:
    hoek "4.x.x"
    vise "2.x.x"

pez@2.x.x:
  version "2.1.5"
  resolved "https://registry.yarnpkg.com/pez/-/pez-2.1.5.tgz#5ec2cc62500cc3eb4236d4a414cf5a17b5eb5007"
  dependencies:
    b64 "3.x.x"
    boom "5.x.x"
    content "3.x.x"
    hoek "4.x.x"
    nigel "2.x.x"

podium@1.x.x:
  version "1.2.5"
  resolved "https://registry.yarnpkg.com/podium/-/podium-1.2.5.tgz#87c566c2f0365bcf0a1ec7602c4d01948cdd2ad5"
  dependencies:
    hoek "4.x.x"
    items "2.x.x"
    joi "10.x.x"

shot@3.x.x:
  version "3.4.2"
  resolved "https://registry.yarnpkg.com/shot/-/shot-3.4.2.tgz#1e5c3f6f2b26649adc42f7eb350214a5a0291d67"
  dependencies:
    hoek "4.x.x"
    joi "10.x.x"

statehood@5.x.x:
  version "5.0.2"
  resolved "https://registry.yarnpkg.com/statehood/-/statehood-5.0.2.tgz#c6b3baa16ed8b121d3f09a3ffa85e22195a7f2a9"
  dependencies:
    boom "5.x.x"
    cryptiles "3.x.x"
    hoek "4.x.x"
    iron "4.x.x"
    items "2.x.x"
    joi "10.x.x"

subtext@4.x.x:
  version "4.4.1"
  resolved "https://registry.yarnpkg.com/subtext/-/subtext-4.4.1.tgz#2fcec945de429283c3d18b151ff0fa1f1b87aec9"
  dependencies:
    boom "5.x.x"
    content "3.x.x"
    hoek "4.x.x"
    pez "2.x.x"
    wreck "12.x.x"

topo@2.x.x:
  version "2.0.2"
  resolved "https://registry.yarnpkg.com/topo/-/topo-2.0.2.tgz#cd5615752539057c0dc0491a621c3bc6fbe1d182"
  dependencies:
    hoek "4.x.x"

vise@2.x.x:
  version "2.0.2"
  resolved "https://registry.yarnpkg.com/vise/-/vise-2.0.2.tgz#6b08e8fb4cb76e3a50cd6dd0ec37338e811a0d39"
  dependencies:
    hoek "4.x.x"

wreck@12.x.x:
  version "12.2.2"
  resolved "https://registry.yarnpkg.com/wreck/-/wreck-12.2.2.tgz#e21823d34c36d672004eefa347ae8c4f6050e3db"
  dependencies:
    boom "5.x.x"
    hoek "4.x.x"
